
Microsoft Visual Studio Solution File, Format Version 12.00
# Visual Studio Version 16
VisualStudioVersion = 16.0.31624.102
MinimumVisualStudioVersion = 10.0.40219.1
Project("{FAE04EC0-301F-11D3-BF4B-00C04F79EFBC}") = "EscrituraByte", "EscrituraByte.csproj", "{E19D0843-0771-4A6B-81EA-7AD0C83BB0FC}"
EndProject
Global
	GlobalSection(SolutionConfigurationPlatforms) = preSolution
		Debug|Any CPU = Debug|Any CPU
		Release|Any CPU = Release|Any CPU
	EndGlobalSection
	GlobalSection(ProjectConfigurationPlatforms) = postSolution
		{E19D0843-0771-4A6B-81EA-7AD0C83BB0FC}.Debug|Any CPU.ActiveCfg = Debug|Any CPU
		{E19D0843-0771-4A6B-81EA-7AD0C83BB0FC}.Debug|Any CPU.Build.0 = Debug|Any CPU
		{E19D0843-0771-4A6B-81EA-7AD0C83BB0FC}.Release|Any CPU.ActiveCfg = Release|Any CPU
		{E19D0843-0771-4A6B-81EA-7AD0C83BB0FC}.Release|Any CPU.Build.0 = Release|Any CPU
	EndGlobalSection
	GlobalSection(SolutionProperties) = preSolution
		HideSolutionNode = FALSE
	EndGlobalSection
	GlobalSection(ExtensibilityGlobals) = postSolution
		SolutionGuid = {5BC04D17-AB3B-4061-AA9C-38E1D0C23C91}
	EndGlobalSection
EndGlobal
